// !$*UTF8*$!
{
	archiveVersion = 1;
	classes = {
	};
	objectVersion = 55;
	objects = {

/* Begin PBXBuildFile section */
		5F041D9327A06A4400771024 /* AppDelegate.swift in Sources */ = {isa = PBXBuildFile; fileRef = 5F041D9227A06A4400771024 /* AppDelegate.swift */; };
		5F041D9527A06A4400771024 /* SceneDelegate.swift in Sources */ = {isa = PBXBuildFile; fileRef = 5F041D9427A06A4400771024 /* SceneDelegate.swift */; };
		5F041D9727A06A4400771024 /* ViewController.swift in Sources */ = {isa = PBXBuildFile; fileRef = 5F041D9627A06A4400771024 /* ViewController.swift */; };
		5F041D9A27A06A4400771024 /* Main.storyboard in Resources */ = {isa = PBXBuildFile; fileRef = 5F041D9827A06A4400771024 /* Main.storyboard */; };
		5F041D9C27A06A4500771024 /* Assets.xcassets in Resources */ = {isa = PBXBuildFile; fileRef = 5F041D9B27A06A4500771024 /* Assets.xcassets */; };
		5F041D9F27A06A4500771024 /* LaunchScreen.storyboard in Resources */ = {isa = PBXBuildFile; fileRef = 5F041D9D27A06A4500771024 /* LaunchScreen.storyboard */; };
		5F041DAA27A06A4500771024 /* VowelTesterTests.swift in Sources */ = {isa = PBXBuildFile; fileRef = 5F041DA927A06A4500771024 /* VowelTesterTests.swift */; };
		5F041DB427A06A4500771024 /* VowelTesterUITests.swift in Sources */ = {isa = PBXBuildFile; fileRef = 5F041DB327A06A4500771024 /* VowelTesterUITests.swift */; };
		5F041DB627A06A4500771024 /* VowelTesterUITestsLaunchTests.swift in Sources */ = {isa = PBXBuildFile; fileRef = 5F041DB527A06A4500771024 /* VowelTesterUITestsLaunchTests.swift */; };
/* End PBXBuildFile section */

/* Begin PBXContainerItemProxy section */
		5F041DA627A06A4500771024 /* PBXContainerItemProxy */ = {
			isa = PBXContainerItemProxy;
			containerPortal = 5F041D8727A06A4400771024 /* Project object */;
			proxyType = 1;
			remoteGlobalIDString = 5F041D8E27A06A4400771024;
			remoteInfo = VowelTester;
		};
		5F041DB027A06A4500771024 /* PBXContainerItemProxy */ = {
			isa = PBXContainerItemProxy;
			containerPortal = 5F041D8727A06A4400771024 /* Project object */;
			proxyType = 1;
			remoteGlobalIDString = 5F041D8E27A06A4400771024;
			remoteInfo = VowelTester;
		};
/* End PBXContainerItemProxy section */

/* Begin PBXFileReference section */
		5F041D8F27A06A4400771024 /* VowelTester.app */ = {isa = PBXFileReference; explicitFileType = wrapper.application; includeInIndex = 0; path = VowelTester.app; sourceTree = BUILT_PRODUCTS_DIR; };
		5F041D9227A06A4400771024 /* AppDelegate.swift */ = {isa = PBXFileReference; lastKnownFileType = sourcecode.swift; path = AppDelegate.swift; sourceTree = "<group>"; };
		5F041D9427A06A4400771024 /* SceneDelegate.swift */ = {isa = PBXFileReference; lastKnownFileType = sourcecode.swift; path = SceneDelegate.swift; sourceTree = "<group>"; };
		5F041D9627A06A4400771024 /* ViewController.swift */ = {isa = PBXFileReference; lastKnownFileType = sourcecode.swift; path = ViewController.swift; sourceTree = "<group>"; };
		5F041D9927A06A4400771024 /* Base */ = {isa = PBXFileReference; lastKnownFileType = file.storyboard; name = Base; path = Base.lproj/Main.storyboard; sourceTree = "<group>"; };
		5F041D9B27A06A4500771024 /* Assets.xcassets */ = {isa = PBXFileReference; lastKnownFileType = folder.assetcatalog; path = Assets.xcassets; sourceTree = "<group>"; };
		5F041D9E27A06A4500771024 /* Base */ = {isa = PBXFileReference; lastKnownFileType = file.storyboard; name = Base; path = Base.lproj/LaunchScreen.storyboard; sourceTree = "<group>"; };
		5F041DA027A06A4500771024 /* Info.plist */ = {isa = PBXFileReference; lastKnownFileType = text.plist.xml; path = Info.plist; sourceTree = "<group>"; };
		5F041DA527A06A4500771024 /* VowelTesterTests.xctest */ = {isa = PBXFileReference; explicitFileType = wrapper.cfbundle; includeInIndex = 0; path = VowelTesterTests.xctest; sourceTree = BUILT_PRODUCTS_DIR; };
		5F041DA927A06A4500771024 /* VowelTesterTests.swift */ = {isa = PBXFileReference; lastKnownFileType = sourcecode.swift; path = VowelTesterTests.swift; sourceTree = "<group>"; };
		5F041DAF27A06A4500771024 /* VowelTesterUITests.xctest */ = {isa = PBXFileReference; explicitFileType = wrapper.cfbundle; includeInIndex = 0; path = VowelTesterUITests.xctest; sourceTree = BUILT_PRODUCTS_DIR; };
		5F041DB327A06A4500771024 /* VowelTesterUITests.swift */ = {isa = PBXFileReference; lastKnownFileType = sourcecode.swift; path = VowelTesterUITests.swift; sourceTree = "<group>"; };
		5F041DB527A06A4500771024 /* VowelTesterUITestsLaunchTests.swift */ = {isa = PBXFileReference; lastKnownFileType = sourcecode.swift; path = VowelTesterUITestsLaunchTests.swift; sourceTree = "<group>"; };
/* End PBXFileReference section */

/* Begin PBXFrameworksBuildPhase section */
		5F041D8C27A06A4400771024 /* Frameworks */ = {
			isa = PBXFrameworksBuildPhase;
			buildActionMask = 2147483647;
			files = (
			);
			runOnlyForDeploymentPostprocessing = 0;
		};
		5F041DA227A06A4500771024 /* Frameworks */ = {
			isa = PBXFrameworksBuildPhase;
			buildActionMask = 2147483647;
			files = (
			);
			runOnlyForDeploymentPostprocessing = 0;
		};
		5F041DAC27A06A4500771024 /* Frameworks */ = {
			isa = PBXFrameworksBuildPhase;
			buildActionMask = 2147483647;
			files = (
			);
			runOnlyForDeploymentPostprocessing = 0;
		};
/* End PBXFrameworksBuildPhase section */

/* Begin PBXGroup section */
		5F041D8627A06A4400771024 = {
			isa = PBXGroup;
			children = (
				5F041D9127A06A4400771024 /* VowelTester */,
				5F041DA827A06A4500771024 /* VowelTesterTests */,
				5F041DB227A06A4500771024 /* VowelTesterUITests */,
				5F041D9027A06A4400771024 /* Products */,
			);
			sourceTree = "<group>";
		};
		5F041D9027A06A4400771024 /* Products */ = {
			isa = PBXGroup;
			children = (
				5F041D8F27A06A4400771024 /* VowelTester.app */,
				5F041DA527A06A4500771024 /* VowelTesterTests.xctest */,
				5F041DAF27A06A4500771024 /* VowelTesterUITests.xctest */,
			);
			name = Products;
			sourceTree = "<group>";
		};
		5F041D9127A06A4400771024 /* VowelTester */ = {
			isa = PBXGroup;
			children = (
				5F041D9227A06A4400771024 /* AppDelegate.swift */,
				5F041D9427A06A4400771024 /* SceneDelegate.swift */,
				5F041D9627A06A4400771024 /* ViewController.swift */,
				5F041D9827A06A4400771024 /* Main.storyboard */,
				5F041D9B27A06A4500771024 /* Assets.xcassets */,
				5F041D9D27A06A4500771024 /* LaunchScreen.storyboard */,
				5F041DA027A06A4500771024 /* Info.plist */,
			);
			path = VowelTester;
			sourceTree = "<group>";
		};
		5F041DA827A06A4500771024 /* VowelTesterTests */ = {
			isa = PBXGroup;
			children = (
				5F041DA927A06A4500771024 /* VowelTesterTests.swift */,
			);
			path = VowelTesterTests;
			sourceTree = "<group>";
		};
		5F041DB227A06A4500771024 /* VowelTesterUITests */ = {
			isa = PBXGroup;
			children = (
				5F041DB327A06A4500771024 /* VowelTesterUITests.swift */,
				5F041DB527A06A4500771024 /* VowelTesterUITestsLaunchTests.swift */,
			);
			path = VowelTesterUITests;
			sourceTree = "<group>";
		};
/* End PBXGroup section */

/* Begin PBXNativeTarget section */
		5F041D8E27A06A4400771024 /* VowelTester */ = {
			isa = PBXNativeTarget;
			buildConfigurationList = 5F041DB927A06A4500771024 /* Build configuration list for PBXNativeTarget "VowelTester" */;
			buildPhases = (
				5F041D8B27A06A4400771024 /* Sources */,
				5F041D8C27A06A4400771024 /* Frameworks */,
				5F041D8D27A06A4400771024 /* Resources */,
			);
			buildRules = (
			);
			dependencies = (
			);
			name = VowelTester;
			productName = VowelTester;
			productReference = 5F041D8F27A06A4400771024 /* VowelTester.app */;
			productType = "com.apple.product-type.application";
		};
		5F041DA427A06A4500771024 /* VowelTesterTests */ = {
			isa = PBXNativeTarget;
			buildConfigurationList = 5F041DBC27A06A4500771024 /* Build configuration list for PBXNativeTarget "VowelTesterTests" */;
			buildPhases = (
				5F041DA127A06A4500771024 /* Sources */,
				5F041DA227A06A4500771024 /* Frameworks */,
				5F041DA327A06A4500771024 /* Resources */,
			);
			buildRules = (
			);
			dependencies = (
				5F041DA727A06A4500771024 /* PBXTargetDependency */,
			);
			name = VowelTesterTests;
			productName = VowelTesterTests;
			productReference = 5F041DA527A06A4500771024 /* VowelTesterTests.xctest */;
			productType = "com.apple.product-type.bundle.unit-test";
		};
		5F041DAE27A06A4500771024 /* VowelTesterUITests */ = {
			isa = PBXNativeTarget;
			buildConfigurationList = 5F041DBF27A06A4500771024 /* Build configuration list for PBXNativeTarget "VowelTesterUITests" */;
			buildPhases = (
				5F041DAB27A06A4500771024 /* Sources */,
				5F041DAC27A06A4500771024 /* Frameworks */,
				5F041DAD27A06A4500771024 /* Resources */,
			);
			buildRules = (
			);
			dependencies = (
				5F041DB127A06A4500771024 /* PBXTargetDependency */,
			);
			name = VowelTesterUITests;
			productName = VowelTesterUITests;
			productReference = 5F041DAF27A06A4500771024 /* VowelTesterUITests.xctest */;
			productType = "com.apple.product-type.bundle.ui-testing";
		};
/* End PBXNativeTarget section */

/* Begin PBXProject section */
		5F041D8727A06A4400771024 /* Project object */ = {
			isa = PBXProject;
			attributes = {
				BuildIndependentTargetsInParallel = 1;
				LastSwiftUpdateCheck = 1320;
				LastUpgradeCheck = 1320;
				TargetAttributes = {
					5F041D8E27A06A4400771024 = {
						CreatedOnToolsVersion = 13.2.1;
					};
					5F041DA427A06A4500771024 = {
						CreatedOnToolsVersion = 13.2.1;
						TestTargetID = 5F041D8E27A06A4400771024;
					};
					5F041DAE27A06A4500771024 = {
						CreatedOnToolsVersion = 13.2.1;
						TestTargetID = 5F041D8E27A06A4400771024;
					};
				};
			};
			buildConfigurationList = 5F041D8A27A06A4400771024 /* Build configuration list for PBXProject "VowelTester" */;
			compatibilityVersion = "Xcode 13.0";
			developmentRegion = en;
			hasScannedForEncodings = 0;
			knownRegions = (
				en,
				Base,
			);
			mainGroup = 5F041D8627A06A4400771024;
			productRefGroup = 5F041D9027A06A4400771024 /* Products */;
			projectDirPath = "";
			projectRoot = "";
			targets = (
				5F041D8E27A06A4400771024 /* VowelTester */,
				5F041DA427A06A4500771024 /* VowelTesterTests */,
				5F041DAE27A06A4500771024 /* VowelTesterUITests */,
			);
		};
/* End PBXProject section */

/* Begin PBXResourcesBuildPhase section */
		5F041D8D27A06A4400771024 /* Resources */ = {
			isa = PBXResourcesBuildPhase;
			buildActionMask = 2147483647;
			files = (
				5F041D9F27A06A4500771024 /* LaunchScreen.storyboard in Resources */,
				5F041D9C27A06A4500771024 /* Assets.xcassets in Resources */,
				5F041D9A27A06A4400771024 /* Main.storyboard in Resources */,
			);
			runOnlyForDeploymentPostprocessing = 0;
		};
		5F041DA327A06A4500771024 /* Resources */ = {
			isa = PBXResourcesBuildPhase;
			buildActionMask = 2147483647;
			files = (
			);
			runOnlyForDeploymentPostprocessing = 0;
		};
		5F041DAD27A06A4500771024 /* Resources */ = {
			isa = PBXResourcesBuildPhase;
			buildActionMask = 2147483647;
			files = (
			);
			runOnlyForDeploymentPostprocessing = 0;
		};
/* End PBXResourcesBuildPhase section */

/* Begin PBXSourcesBuildPhase section */
		5F041D8B27A06A4400771024 /* Sources */ = {
			isa = PBXSourcesBuildPhase;
			buildActionMask = 2147483647;
			files = (
				5F041D9727A06A4400771024 /* ViewController.swift in Sources */,
				5F041D9327A06A4400771024 /* AppDelegate.swift in Sources */,
				5F041D9527A06A4400771024 /* SceneDelegate.swift in Sources */,
			);
			runOnlyForDeploymentPostprocessing = 0;
		};
		5F041DA127A06A4500771024 /* Sources */ = {
			isa = PBXSourcesBuildPhase;
			buildActionMask = 2147483647;
			files = (
				5F041DAA27A06A4500771024 /* VowelTesterTests.swift in Sources */,
			);
			runOnlyForDeploymentPostprocessing = 0;
		};
		5F041DAB27A06A4500771024 /* Sources */ = {
			isa = PBXSourcesBuildPhase;
			buildActionMask = 2147483647;
			files = (
				5F041DB427A06A4500771024 /* VowelTesterUITests.swift in Sources */,
				5F041DB627A06A4500771024 /* VowelTesterUITestsLaunchTests.swift in Sources */,
			);
			runOnlyForDeploymentPostprocessing = 0;
		};
/* End PBXSourcesBuildPhase section */

/* Begin PBXTargetDependency section */
		5F041DA727A06A4500771024 /* PBXTargetDependency */ = {
			isa = PBXTargetDependency;
			target = 5F041D8E27A06A4400771024 /* VowelTester */;
			targetProxy = 5F041DA627A06A4500771024 /* PBXContainerItemProxy */;
		};
		5F041DB127A06A4500771024 /* PBXTargetDependency */ = {
			isa = PBXTargetDependency;
			target = 5F041D8E27A06A4400771024 /* VowelTester */;
			targetProxy = 5F041DB027A06A4500771024 /* PBXContainerItemProxy */;
		};
/* End PBXTargetDependency section */

/* Begin PBXVariantGroup section */
		5F041D9827A06A4400771024 /* Main.storyboard */ = {
			isa = PBXVariantGroup;
			children = (
				5F041D9927A06A4400771024 /* Base */,
			);
			name = Main.storyboard;
			sourceTree = "<group>";
		};
		5F041D9D27A06A4500771024 /* LaunchScreen.storyboard */ = {
			isa = PBXVariantGroup;
			children = (
				5F041D9E27A06A4500771024 /* Base */,
			);
			name = LaunchScreen.storyboard;
			sourceTree = "<group>";
		};
/* End PBXVariantGroup section */

/* Begin XCBuildConfiguration section */
		5F041DB727A06A4500771024 /* Debug */ = {
			isa = XCBuildConfiguration;
			buildSettings = {
				ALWAYS_SEARCH_USER_PATHS = NO;
				CLANG_ANALYZER_NONNULL = YES;
				CLANG_ANALYZER_NUMBER_OBJECT_CONVERSION = YES_AGGRESSIVE;
				CLANG_CXX_LANGUAGE_STANDARD = "gnu++17";
				CLANG_CXX_LIBRARY = "libc++";
				CLANG_ENABLE_MODULES = YES;
				CLANG_ENABLE_OBJC_ARC = YES;
				CLANG_ENABLE_OBJC_WEAK = YES;
				CLANG_WARN_BLOCK_CAPTURE_AUTORELEASING = YES;
				CLANG_WARN_BOOL_CONVERSION = YES;
				CLANG_WARN_COMMA = YES;
				CLANG_WARN_CONSTANT_CONVERSION = YES;
				CLANG_WARN_DEPRECATED_OBJC_IMPLEMENTATIONS = YES;
				CLANG_WARN_DIRECT_OBJC_ISA_USAGE = YES_ERROR;
				CLANG_WARN_DOCUMENTATION_COMMENTS = YES;
				CLANG_WARN_EMPTY_BODY = YES;
				CLANG_WARN_ENUM_CONVERSION = YES;
				CLANG_WARN_INFINITE_RECURSION = YES;
				CLANG_WARN_INT_CONVERSION = YES;
				CLANG_WARN_NON_LITERAL_NULL_CONVERSION = YES;
				CLANG_WARN_OBJC_IMPLICIT_RETAIN_SELF = YES;
				CLANG_WARN_OBJC_LITERAL_CONVERSION = YES;
				CLANG_WARN_OBJC_ROOT_CLASS = YES_ERROR;
				CLANG_WARN_QUOTED_INCLUDE_IN_FRAMEWORK_HEADER = YES;
				CLANG_WARN_RANGE_LOOP_ANALYSIS = YES;
				CLANG_WARN_STRICT_PROTOTYPES = YES;
				CLANG_WARN_SUSPICIOUS_MOVE = YES;
				CLANG_WARN_UNGUARDED_AVAILABILITY = YES_AGGRESSIVE;
				CLANG_WARN_UNREACHABLE_CODE = YES;
				CLANG_WARN__DUPLICATE_METHOD_MATCH = YES;
				COPY_PHASE_STRIP = NO;
				DEBUG_INFORMATION_FORMAT = dwarf;
				ENABLE_STRICT_OBJC_MSGSEND = YES;
				ENABLE_TESTABILITY = YES;
				GCC_C_LANGUAGE_STANDARD = gnu11;
				GCC_DYNAMIC_NO_PIC = NO;
				GCC_NO_COMMON_BLOCKS = YES;
				GCC_OPTIMIZATION_LEVEL = 0;
				GCC_PREPROCESSOR_DEFINITIONS = (
					"DEBUG=1",
					"$(inherited)",
				);
				GCC_WARN_64_TO_32_BIT_CONVERSION = YES;
				GCC_WARN_ABOUT_RETURN_TYPE = YES_ERROR;
				GCC_WARN_UNDECLARED_SELECTOR = YES;
				GCC_WARN_UNINITIALIZED_AUTOS = YES_AGGRESSIVE;
				GCC_WARN_UNUSED_FUNCTION = YES;
				GCC_WARN_UNUSED_VARIABLE = YES;
				IPHONEOS_DEPLOYMENT_TARGET = 15.2;
				MTL_ENABLE_DEBUG_INFO = INCLUDE_SOURCE;
				MTL_FAST_MATH = YES;
				ONLY_ACTIVE_ARCH = YES;
				SDKROOT = iphoneos;
				SWIFT_ACTIVE_COMPILATION_CONDITIONS = DEBUG;
				SWIFT_OPTIMIZATION_LEVEL = "-Onone";
			};
			name = Debug;
		};
		5F041DB827A06A4500771024 /* Release */ = {
			isa = XCBuildConfiguration;
			buildSettings = {
				ALWAYS_SEARCH_USER_PATHS = NO;
				CLANG_ANALYZER_NONNULL = YES;
				CLANG_ANALYZER_NUMBER_OBJECT_CONVERSION = YES_AGGRESSIVE;
				CLANG_CXX_LANGUAGE_STANDARD = "gnu++17";
				CLANG_CXX_LIBRARY = "libc++";
				CLANG_ENABLE_MODULES = YES;
				CLANG_ENABLE_OBJC_ARC = YES;
				CLANG_ENABLE_OBJC_WEAK = YES;
				CLANG_WARN_BLOCK_CAPTURE_AUTORELEASING = YES;
				CLANG_WARN_BOOL_CONVERSION = YES;
				CLANG_WARN_COMMA = YES;
				CLANG_WARN_CONSTANT_CONVERSION = YES;
				CLANG_WARN_DEPRECATED_OBJC_IMPLEMENTATIONS = YES;
				CLANG_WARN_DIRECT_OBJC_ISA_USAGE = YES_ERROR;
				CLANG_WARN_DOCUMENTATION_COMMENTS = YES;
				CLANG_WARN_EMPTY_BODY = YES;
				CLANG_WARN_ENUM_CONVERSION = YES;
				CLANG_WARN_INFINITE_RECURSION = YES;
				CLANG_WARN_INT_CONVERSION = YES;
				CLANG_WARN_NON_LITERAL_NULL_CONVERSION = YES;
				CLANG_WARN_OBJC_IMPLICIT_RETAIN_SELF = YES;
				CLANG_WARN_OBJC_LITERAL_CONVERSION = YES;
				CLANG_WARN_OBJC_ROOT_CLASS = YES_ERROR;
				CLANG_WARN_QUOTED_INCLUDE_IN_FRAMEWORK_HEADER = YES;
				CLANG_WARN_RANGE_LOOP_ANALYSIS = YES;
				CLANG_WARN_STRICT_PROTOTYPES = YES;
				CLANG_WARN_SUSPICIOUS_MOVE = YES;
				CLANG_WARN_UNGUARDED_AVAILABILITY = YES_AGGRESSIVE;
				CLANG_WARN_UNREACHABLE_CODE = YES;
				CLANG_WARN__DUPLICATE_METHOD_MATCH = YES;
				COPY_PHASE_STRIP = NO;
				DEBUG_INFORMATION_FORMAT = "dwarf-with-dsym";
				ENABLE_NS_ASSERTIONS = NO;
				ENABLE_STRICT_OBJC_MSGSEND = YES;
				GCC_C_LANGUAGE_STANDARD = gnu11;
				GCC_NO_COMMON_BLOCKS = YES;
				GCC_WARN_64_TO_32_BIT_CONVERSION = YES;
				GCC_WARN_ABOUT_RETURN_TYPE = YES_ERROR;
				GCC_WARN_UNDECLARED_SELECTOR = YES;
				GCC_WARN_UNINITIALIZED_AUTOS = YES_AGGRESSIVE;
				GCC_WARN_UNUSED_FUNCTION = YES;
				GCC_WARN_UNUSED_VARIABLE = YES;
				IPHONEOS_DEPLOYMENT_TARGET = 15.2;
				MTL_ENABLE_DEBUG_INFO = NO;
				MTL_FAST_MATH = YES;
				SDKROOT = iphoneos;
				SWIFT_COMPILATION_MODE = wholemodule;
				SWIFT_OPTIMIZATION_LEVEL = "-O";
				VALIDATE_PRODUCT = YES;
			};
			name = Release;
		};
		5F041DBA27A06A4500771024 /* Debug */ = {
			isa = XCBuildConfiguration;
			buildSettings = {
				ASSETCATALOG_COMPILER_APPICON_NAME = AppIcon;
				ASSETCATALOG_COMPILER_GLOBAL_ACCENT_COLOR_NAME = AccentColor;
				CODE_SIGN_STYLE = Automatic;
				CURRENT_PROJECT_VERSION = 1;
				GENERATE_INFOPLIST_FILE = YES;
				INFOPLIST_FILE = VowelTester/Info.plist;
				INFOPLIST_KEY_CFBundleDisplayName = VowelTester;
				INFOPLIST_KEY_UIApplicationSupportsIndirectInputEvents = YES;
				INFOPLIST_KEY_UILaunchStoryboardName = LaunchScreen;
				INFOPLIST_KEY_UIMainStoryboardFile = Main;
				INFOPLIST_KEY_UISupportedInterfaceOrientations_iPad = "UIInterfaceOrientationPortrait UIInterfaceOrientationPortraitUpsideDown UIInterfaceOrientationLandscapeLeft UIInterfaceOrientationLandscapeRight";
				INFOPLIST_KEY_UISupportedInterfaceOrientations_iPhone = "UIInterfaceOrientationPortrait UIInterfaceOrientationLandscapeLeft UIInterfaceOrientationLandscapeRight";
				LD_RUNPATH_SEARCH_PATHS = (
					"$(inherited)",
					"@executable_path/Frameworks",
				);
				MARKETING_VERSION = 1.0;
				PRODUCT_BUNDLE_IDENTIFIER = Nwmsu.VowelTester;
				PRODUCT_NAME = "$(TARGET_NAME)";
				SWIFT_EMIT_LOC_STRINGS = YES;
				SWIFT_VERSION = 5.0;
				TARGETED_DEVICE_FAMILY = "1,2";
			};
			name = Debug;
		};
		5F041DBB27A06A4500771024 /* Release */ = {
			isa = XCBuildConfiguration;
			buildSettings = {
				ASSETCATALOG_COMPILER_APPICON_NAME = AppIcon;
				ASSETCATALOG_COMPILER_GLOBAL_ACCENT_COLOR_NAME = AccentColor;
				CODE_SIGN_STYLE = Automatic;
				CURRENT_PROJECT_VERSION = 1;
				GENERATE_INFOPLIST_FILE = YES;
				INFOPLIST_FILE = VowelTester/Info.plist;
				INFOPLIST_KEY_CFBundleDisplayName = VowelTester;
				INFOPLIST_KEY_UIApplicationSupportsIndirectInputEvents = YES;
				INFOPLIST_KEY_UILaunchStoryboardName = LaunchScreen;
				INFOPLIST_KEY_UIMainStoryboardFile = Main;
				INFOPLIST_KEY_UISupportedInterfaceOrientations_iPad = "UIInterfaceOrientationPortrait UIInterfaceOrientationPortraitUpsideDown UIInterfaceOrientationLandscapeLeft UIInterfaceOrientationLandscapeRight";
				INFOPLIST_KEY_UISupportedInterfaceOrientations_iPhone = "UIInterfaceOrientationPortrait UIInterfaceOrientationLandscapeLeft UIInterfaceOrientationLandscapeRight";
				LD_RUNPATH_SEARCH_PATHS = (
					"$(inherited)",
					"@executable_path/Frameworks",
				);
				MARKETING_VERSION = 1.0;
				PRODUCT_BUNDLE_IDENTIFIER = Nwmsu.VowelTester;
				PRODUCT_NAME = "$(TARGET_NAME)";
				SWIFT_EMIT_LOC_STRINGS = YES;
				SWIFT_VERSION = 5.0;
				TARGETED_DEVICE_FAMILY = "1,2";
			};
			name = Release;
		};
		5F041DBD27A06A4500771024 /* Debug */ = {
			isa = XCBuildConfiguration;
			buildSettings = {
				ALWAYS_EMBED_SWIFT_STANDARD_LIBRARIES = YES;
				BUNDLE_LOADER = "$(TEST_HOST)";
				CODE_SIGN_STYLE = Automatic;
				CURRENT_PROJECT_VERSION = 1;
				GENERATE_INFOPLIST_FILE = YES;
				IPHONEOS_DEPLOYMENT_TARGET = 15.2;
				MARKETING_VERSION = 1.0;
				PRODUCT_BUNDLE_IDENTIFIER = Nwmsu.VowelTesterTests;
				PRODUCT_NAME = "$(TARGET_NAME)";
				SWIFT_EMIT_LOC_STRINGS = NO;
				SWIFT_VERSION = 5.0;
				TARGETED_DEVICE_FAMILY = "1,2";
				TEST_HOST = "$(BUILT_PRODUCTS_DIR)/VowelTester.app/VowelTester";
			};
			name = Debug;
		};
		5F041DBE27A06A4500771024 /* Release */ = {
			isa = XCBuildConfiguration;
			buildSettings = {
				ALWAYS_EMBED_SWIFT_STANDARD_LIBRARIES = YES;
				BUNDLE_LOADER = "$(TEST_HOST)";
				CODE_SIGN_STYLE = Automatic;
				CURRENT_PROJECT_VERSION = 1;
				GENERATE_INFOPLIST_FILE = YES;
				IPHONEOS_DEPLOYMENT_TARGET = 15.2;
				MARKETING_VERSION = 1.0;
				PRODUCT_BUNDLE_IDENTIFIER = Nwmsu.VowelTesterTests;
				PRODUCT_NAME = "$(TARGET_NAME)";
				SWIFT_EMIT_LOC_STRINGS = NO;
				SWIFT_VERSION = 5.0;
				TARGETED_DEVICE_FAMILY = "1,2";
				TEST_HOST = "$(BUILT_PRODUCTS_DIR)/VowelTester.app/VowelTester";
			};
			name = Release;
		};
		5F041DC027A06A4500771024 /* Debug */ = {
			isa = XCBuildConfiguration;
			buildSettings = {
				ALWAYS_EMBED_SWIFT_STANDARD_LIBRARIES = YES;
				CODE_SIGN_STYLE = Automatic;
				CURRENT_PROJECT_VERSION = 1;
				GENERATE_INFOPLIST_FILE = YES;
				MARKETING_VERSION = 1.0;
				PRODUCT_BUNDLE_IDENTIFIER = Nwmsu.VowelTesterUITests;
				PRODUCT_NAME = "$(TARGET_NAME)";
				SWIFT_EMIT_LOC_STRINGS = NO;
				SWIFT_VERSION = 5.0;
				TARGETED_DEVICE_FAMILY = "1,2";
				TEST_TARGET_NAME = VowelTester;
			};
			name = Debug;
		};
		5F041DC127A06A4500771024 /* Release */ = {
			isa = XCBuildConfiguration;
			buildSettings = {
				ALWAYS_EMBED_SWIFT_STANDARD_LIBRARIES = YES;
				CODE_SIGN_STYLE = Automatic;
				CURRENT_PROJECT_VERSION = 1;
				GENERATE_INFOPLIST_FILE = YES;
				MARKETING_VERSION = 1.0;
				PRODUCT_BUNDLE_IDENTIFIER = Nwmsu.VowelTesterUITests;
				PRODUCT_NAME = "$(TARGET_NAME)";
				SWIFT_EMIT_LOC_STRINGS = NO;
				SWIFT_VERSION = 5.0;
				TARGETED_DEVICE_FAMILY = "1,2";
				TEST_TARGET_NAME = VowelTester;
			};
			name = Release;
		};
/* End XCBuildConfiguration section */

/* Begin XCConfigurationList section */
		5F041D8A27A06A4400771024 /* Build configuration list for PBXProject "VowelTester" */ = {
			isa = XCConfigurationList;
			buildConfigurations = (
				5F041DB727A06A4500771024 /* Debug */,
				5F041DB827A06A4500771024 /* Release */,
			);
			defaultConfigurationIsVisible = 0;
			defaultConfigurationName = Release;
		};
		5F041DB927A06A4500771024 /* Build configuration list for PBXNativeTarget "VowelTester" */ = {
			isa = XCConfigurationList;
			buildConfigurations = (
				5F041DBA27A06A4500771024 /* Debug */,
				5F041DBB27A06A4500771024 /* Release */,
			);
			defaultConfigurationIsVisible = 0;
			defaultConfigurationName = Release;
		};
		5F041DBC27A06A4500771024 /* Build configuration list for PBXNativeTarget "VowelTesterTests" */ = {
			isa = XCConfigurationList;
			buildConfigurations = (
				5F041DBD27A06A4500771024 /* Debug */,
				5F041DBE27A06A4500771024 /* Release */,
			);
			defaultConfigurationIsVisible = 0;
			defaultConfigurationName = Release;
		};
		5F041DBF27A06A4500771024 /* Build configuration list for PBXNativeTarget "VowelTesterUITests" */ = {
			isa = XCConfigurationList;
			buildConfigurations = (
				5F041DC027A06A4500771024 /* Debug */,
				5F041DC127A06A4500771024 /* Release */,
			);
			defaultConfigurationIsVisible = 0;
			defaultConfigurationName = Release;
		};
/* End XCConfigurationList section */
	};
	rootObject = 5F041D8727A06A4400771024 /* Project object */;
}
