// !$*UTF8*$!
{
	archiveVersion = 1;
	classes = {
	};
	objectVersion = 55;
	objects = {

/* Begin PBXBuildFile section */
		5F58409127A3104B004A2ED7 /* AppDelegate.swift in Sources */ = {isa = PBXBuildFile; fileRef = 5F58409027A3104B004A2ED7 /* AppDelegate.swift */; };
		5F58409327A3104B004A2ED7 /* SceneDelegate.swift in Sources */ = {isa = PBXBuildFile; fileRef = 5F58409227A3104B004A2ED7 /* SceneDelegate.swift */; };
		5F58409527A3104B004A2ED7 /* ViewController.swift in Sources */ = {isa = PBXBuildFile; fileRef = 5F58409427A3104B004A2ED7 /* ViewController.swift */; };
		5F58409827A3104B004A2ED7 /* Main.storyboard in Resources */ = {isa = PBXBuildFile; fileRef = 5F58409627A3104B004A2ED7 /* Main.storyboard */; };
		5F58409A27A3104E004A2ED7 /* Assets.xcassets in Resources */ = {isa = PBXBuildFile; fileRef = 5F58409927A3104E004A2ED7 /* Assets.xcassets */; };
		5F58409D27A3104E004A2ED7 /* LaunchScreen.storyboard in Resources */ = {isa = PBXBuildFile; fileRef = 5F58409B27A3104E004A2ED7 /* LaunchScreen.storyboard */; };
		5F5840A827A3104E004A2ED7 /* SimpleCalculatorTests.swift in Sources */ = {isa = PBXBuildFile; fileRef = 5F5840A727A3104E004A2ED7 /* SimpleCalculatorTests.swift */; };
		5F5840B227A3104E004A2ED7 /* SimpleCalculatorUITests.swift in Sources */ = {isa = PBXBuildFile; fileRef = 5F5840B127A3104E004A2ED7 /* SimpleCalculatorUITests.swift */; };
		5F5840B427A3104E004A2ED7 /* SimpleCalculatorUITestsLaunchTests.swift in Sources */ = {isa = PBXBuildFile; fileRef = 5F5840B327A3104E004A2ED7 /* SimpleCalculatorUITestsLaunchTests.swift */; };
/* End PBXBuildFile section */

/* Begin PBXContainerItemProxy section */
		5F5840A427A3104E004A2ED7 /* PBXContainerItemProxy */ = {
			isa = PBXContainerItemProxy;
			containerPortal = 5F58408527A3104B004A2ED7 /* Project object */;
			proxyType = 1;
			remoteGlobalIDString = 5F58408C27A3104B004A2ED7;
			remoteInfo = SimpleCalculator;
		};
		5F5840AE27A3104E004A2ED7 /* PBXContainerItemProxy */ = {
			isa = PBXContainerItemProxy;
			containerPortal = 5F58408527A3104B004A2ED7 /* Project object */;
			proxyType = 1;
			remoteGlobalIDString = 5F58408C27A3104B004A2ED7;
			remoteInfo = SimpleCalculator;
		};
/* End PBXContainerItemProxy section */

/* Begin PBXFileReference section */
		5F58408D27A3104B004A2ED7 /* SimpleCalculator.app */ = {isa = PBXFileReference; explicitFileType = wrapper.application; includeInIndex = 0; path = SimpleCalculator.app; sourceTree = BUILT_PRODUCTS_DIR; };
		5F58409027A3104B004A2ED7 /* AppDelegate.swift */ = {isa = PBXFileReference; lastKnownFileType = sourcecode.swift; path = AppDelegate.swift; sourceTree = "<group>"; };
		5F58409227A3104B004A2ED7 /* SceneDelegate.swift */ = {isa = PBXFileReference; lastKnownFileType = sourcecode.swift; path = SceneDelegate.swift; sourceTree = "<group>"; };
		5F58409427A3104B004A2ED7 /* ViewController.swift */ = {isa = PBXFileReference; lastKnownFileType = sourcecode.swift; path = ViewController.swift; sourceTree = "<group>"; };
		5F58409727A3104B004A2ED7 /* Base */ = {isa = PBXFileReference; lastKnownFileType = file.storyboard; name = Base; path = Base.lproj/Main.storyboard; sourceTree = "<group>"; };
		5F58409927A3104E004A2ED7 /* Assets.xcassets */ = {isa = PBXFileReference; lastKnownFileType = folder.assetcatalog; path = Assets.xcassets; sourceTree = "<group>"; };
		5F58409C27A3104E004A2ED7 /* Base */ = {isa = PBXFileReference; lastKnownFileType = file.storyboard; name = Base; path = Base.lproj/LaunchScreen.storyboard; sourceTree = "<group>"; };
		5F58409E27A3104E004A2ED7 /* Info.plist */ = {isa = PBXFileReference; lastKnownFileType = text.plist.xml; path = Info.plist; sourceTree = "<group>"; };
		5F5840A327A3104E004A2ED7 /* SimpleCalculatorTests.xctest */ = {isa = PBXFileReference; explicitFileType = wrapper.cfbundle; includeInIndex = 0; path = SimpleCalculatorTests.xctest; sourceTree = BUILT_PRODUCTS_DIR; };
		5F5840A727A3104E004A2ED7 /* SimpleCalculatorTests.swift */ = {isa = PBXFileReference; lastKnownFileType = sourcecode.swift; path = SimpleCalculatorTests.swift; sourceTree = "<group>"; };
		5F5840AD27A3104E004A2ED7 /* SimpleCalculatorUITests.xctest */ = {isa = PBXFileReference; explicitFileType = wrapper.cfbundle; includeInIndex = 0; path = SimpleCalculatorUITests.xctest; sourceTree = BUILT_PRODUCTS_DIR; };
		5F5840B127A3104E004A2ED7 /* SimpleCalculatorUITests.swift */ = {isa = PBXFileReference; lastKnownFileType = sourcecode.swift; path = SimpleCalculatorUITests.swift; sourceTree = "<group>"; };
		5F5840B327A3104E004A2ED7 /* SimpleCalculatorUITestsLaunchTests.swift */ = {isa = PBXFileReference; lastKnownFileType = sourcecode.swift; path = SimpleCalculatorUITestsLaunchTests.swift; sourceTree = "<group>"; };
/* End PBXFileReference section */

/* Begin PBXFrameworksBuildPhase section */
		5F58408A27A3104B004A2ED7 /* Frameworks */ = {
			isa = PBXFrameworksBuildPhase;
			buildActionMask = 2147483647;
			files = (
			);
			runOnlyForDeploymentPostprocessing = 0;
		};
		5F5840A027A3104E004A2ED7 /* Frameworks */ = {
			isa = PBXFrameworksBuildPhase;
			buildActionMask = 2147483647;
			files = (
			);
			runOnlyForDeploymentPostprocessing = 0;
		};
		5F5840AA27A3104E004A2ED7 /* Frameworks */ = {
			isa = PBXFrameworksBuildPhase;
			buildActionMask = 2147483647;
			files = (
			);
			runOnlyForDeploymentPostprocessing = 0;
		};
/* End PBXFrameworksBuildPhase section */

/* Begin PBXGroup section */
		5F58408427A3104B004A2ED7 = {
			isa = PBXGroup;
			children = (
				5F58408F27A3104B004A2ED7 /* SimpleCalculator */,
				5F5840A627A3104E004A2ED7 /* SimpleCalculatorTests */,
				5F5840B027A3104E004A2ED7 /* SimpleCalculatorUITests */,
				5F58408E27A3104B004A2ED7 /* Products */,
			);
			sourceTree = "<group>";
		};
		5F58408E27A3104B004A2ED7 /* Products */ = {
			isa = PBXGroup;
			children = (
				5F58408D27A3104B004A2ED7 /* SimpleCalculator.app */,
				5F5840A327A3104E004A2ED7 /* SimpleCalculatorTests.xctest */,
				5F5840AD27A3104E004A2ED7 /* SimpleCalculatorUITests.xctest */,
			);
			name = Products;
			sourceTree = "<group>";
		};
		5F58408F27A3104B004A2ED7 /* SimpleCalculator */ = {
			isa = PBXGroup;
			children = (
				5F58409027A3104B004A2ED7 /* AppDelegate.swift */,
				5F58409227A3104B004A2ED7 /* SceneDelegate.swift */,
				5F58409427A3104B004A2ED7 /* ViewController.swift */,
				5F58409627A3104B004A2ED7 /* Main.storyboard */,
				5F58409927A3104E004A2ED7 /* Assets.xcassets */,
				5F58409B27A3104E004A2ED7 /* LaunchScreen.storyboard */,
				5F58409E27A3104E004A2ED7 /* Info.plist */,
			);
			path = SimpleCalculator;
			sourceTree = "<group>";
		};
		5F5840A627A3104E004A2ED7 /* SimpleCalculatorTests */ = {
			isa = PBXGroup;
			children = (
				5F5840A727A3104E004A2ED7 /* SimpleCalculatorTests.swift */,
			);
			path = SimpleCalculatorTests;
			sourceTree = "<group>";
		};
		5F5840B027A3104E004A2ED7 /* SimpleCalculatorUITests */ = {
			isa = PBXGroup;
			children = (
				5F5840B127A3104E004A2ED7 /* SimpleCalculatorUITests.swift */,
				5F5840B327A3104E004A2ED7 /* SimpleCalculatorUITestsLaunchTests.swift */,
			);
			path = SimpleCalculatorUITests;
			sourceTree = "<group>";
		};
/* End PBXGroup section */

/* Begin PBXNativeTarget section */
		5F58408C27A3104B004A2ED7 /* SimpleCalculator */ = {
			isa = PBXNativeTarget;
			buildConfigurationList = 5F5840B727A3104E004A2ED7 /* Build configuration list for PBXNativeTarget "SimpleCalculator" */;
			buildPhases = (
				5F58408927A3104B004A2ED7 /* Sources */,
				5F58408A27A3104B004A2ED7 /* Frameworks */,
				5F58408B27A3104B004A2ED7 /* Resources */,
			);
			buildRules = (
			);
			dependencies = (
			);
			name = SimpleCalculator;
			productName = SimpleCalculator;
			productReference = 5F58408D27A3104B004A2ED7 /* SimpleCalculator.app */;
			productType = "com.apple.product-type.application";
		};
		5F5840A227A3104E004A2ED7 /* SimpleCalculatorTests */ = {
			isa = PBXNativeTarget;
			buildConfigurationList = 5F5840BA27A3104E004A2ED7 /* Build configuration list for PBXNativeTarget "SimpleCalculatorTests" */;
			buildPhases = (
				5F58409F27A3104E004A2ED7 /* Sources */,
				5F5840A027A3104E004A2ED7 /* Frameworks */,
				5F5840A127A3104E004A2ED7 /* Resources */,
			);
			buildRules = (
			);
			dependencies = (
				5F5840A527A3104E004A2ED7 /* PBXTargetDependency */,
			);
			name = SimpleCalculatorTests;
			productName = SimpleCalculatorTests;
			productReference = 5F5840A327A3104E004A2ED7 /* SimpleCalculatorTests.xctest */;
			productType = "com.apple.product-type.bundle.unit-test";
		};
		5F5840AC27A3104E004A2ED7 /* SimpleCalculatorUITests */ = {
			isa = PBXNativeTarget;
			buildConfigurationList = 5F5840BD27A3104E004A2ED7 /* Build configuration list for PBXNativeTarget "SimpleCalculatorUITests" */;
			buildPhases = (
				5F5840A927A3104E004A2ED7 /* Sources */,
				5F5840AA27A3104E004A2ED7 /* Frameworks */,
				5F5840AB27A3104E004A2ED7 /* Resources */,
			);
			buildRules = (
			);
			dependencies = (
				5F5840AF27A3104E004A2ED7 /* PBXTargetDependency */,
			);
			name = SimpleCalculatorUITests;
			productName = SimpleCalculatorUITests;
			productReference = 5F5840AD27A3104E004A2ED7 /* SimpleCalculatorUITests.xctest */;
			productType = "com.apple.product-type.bundle.ui-testing";
		};
/* End PBXNativeTarget section */

/* Begin PBXProject section */
		5F58408527A3104B004A2ED7 /* Project object */ = {
			isa = PBXProject;
			attributes = {
				BuildIndependentTargetsInParallel = 1;
				LastSwiftUpdateCheck = 1320;
				LastUpgradeCheck = 1320;
				TargetAttributes = {
					5F58408C27A3104B004A2ED7 = {
						CreatedOnToolsVersion = 13.2.1;
					};
					5F5840A227A3104E004A2ED7 = {
						CreatedOnToolsVersion = 13.2.1;
						TestTargetID = 5F58408C27A3104B004A2ED7;
					};
					5F5840AC27A3104E004A2ED7 = {
						CreatedOnToolsVersion = 13.2.1;
						TestTargetID = 5F58408C27A3104B004A2ED7;
					};
				};
			};
			buildConfigurationList = 5F58408827A3104B004A2ED7 /* Build configuration list for PBXProject "SimpleCalculator" */;
			compatibilityVersion = "Xcode 13.0";
			developmentRegion = en;
			hasScannedForEncodings = 0;
			knownRegions = (
				en,
				Base,
			);
			mainGroup = 5F58408427A3104B004A2ED7;
			productRefGroup = 5F58408E27A3104B004A2ED7 /* Products */;
			projectDirPath = "";
			projectRoot = "";
			targets = (
				5F58408C27A3104B004A2ED7 /* SimpleCalculator */,
				5F5840A227A3104E004A2ED7 /* SimpleCalculatorTests */,
				5F5840AC27A3104E004A2ED7 /* SimpleCalculatorUITests */,
			);
		};
/* End PBXProject section */

/* Begin PBXResourcesBuildPhase section */
		5F58408B27A3104B004A2ED7 /* Resources */ = {
			isa = PBXResourcesBuildPhase;
			buildActionMask = 2147483647;
			files = (
				5F58409D27A3104E004A2ED7 /* LaunchScreen.storyboard in Resources */,
				5F58409A27A3104E004A2ED7 /* Assets.xcassets in Resources */,
				5F58409827A3104B004A2ED7 /* Main.storyboard in Resources */,
			);
			runOnlyForDeploymentPostprocessing = 0;
		};
		5F5840A127A3104E004A2ED7 /* Resources */ = {
			isa = PBXResourcesBuildPhase;
			buildActionMask = 2147483647;
			files = (
			);
			runOnlyForDeploymentPostprocessing = 0;
		};
		5F5840AB27A3104E004A2ED7 /* Resources */ = {
			isa = PBXResourcesBuildPhase;
			buildActionMask = 2147483647;
			files = (
			);
			runOnlyForDeploymentPostprocessing = 0;
		};
/* End PBXResourcesBuildPhase section */

/* Begin PBXSourcesBuildPhase section */
		5F58408927A3104B004A2ED7 /* Sources */ = {
			isa = PBXSourcesBuildPhase;
			buildActionMask = 2147483647;
			files = (
				5F58409527A3104B004A2ED7 /* ViewController.swift in Sources */,
				5F58409127A3104B004A2ED7 /* AppDelegate.swift in Sources */,
				5F58409327A3104B004A2ED7 /* SceneDelegate.swift in Sources */,
			);
			runOnlyForDeploymentPostprocessing = 0;
		};
		5F58409F27A3104E004A2ED7 /* Sources */ = {
			isa = PBXSourcesBuildPhase;
			buildActionMask = 2147483647;
			files = (
				5F5840A827A3104E004A2ED7 /* SimpleCalculatorTests.swift in Sources */,
			);
			runOnlyForDeploymentPostprocessing = 0;
		};
		5F5840A927A3104E004A2ED7 /* Sources */ = {
			isa = PBXSourcesBuildPhase;
			buildActionMask = 2147483647;
			files = (
				5F5840B427A3104E004A2ED7 /* SimpleCalculatorUITestsLaunchTests.swift in Sources */,
				5F5840B227A3104E004A2ED7 /* SimpleCalculatorUITests.swift in Sources */,
			);
			runOnlyForDeploymentPostprocessing = 0;
		};
/* End PBXSourcesBuildPhase section */

/* Begin PBXTargetDependency section */
		5F5840A527A3104E004A2ED7 /* PBXTargetDependency */ = {
			isa = PBXTargetDependency;
			target = 5F58408C27A3104B004A2ED7 /* SimpleCalculator */;
			targetProxy = 5F5840A427A3104E004A2ED7 /* PBXContainerItemProxy */;
		};
		5F5840AF27A3104E004A2ED7 /* PBXTargetDependency */ = {
			isa = PBXTargetDependency;
			target = 5F58408C27A3104B004A2ED7 /* SimpleCalculator */;
			targetProxy = 5F5840AE27A3104E004A2ED7 /* PBXContainerItemProxy */;
		};
/* End PBXTargetDependency section */

/* Begin PBXVariantGroup section */
		5F58409627A3104B004A2ED7 /* Main.storyboard */ = {
			isa = PBXVariantGroup;
			children = (
				5F58409727A3104B004A2ED7 /* Base */,
			);
			name = Main.storyboard;
			sourceTree = "<group>";
		};
		5F58409B27A3104E004A2ED7 /* LaunchScreen.storyboard */ = {
			isa = PBXVariantGroup;
			children = (
				5F58409C27A3104E004A2ED7 /* Base */,
			);
			name = LaunchScreen.storyboard;
			sourceTree = "<group>";
		};
/* End PBXVariantGroup section */

/* Begin XCBuildConfiguration section */
		5F5840B527A3104E004A2ED7 /* Debug */ = {
			isa = XCBuildConfiguration;
			buildSettings = {
				ALWAYS_SEARCH_USER_PATHS = NO;
				CLANG_ANALYZER_NONNULL = YES;
				CLANG_ANALYZER_NUMBER_OBJECT_CONVERSION = YES_AGGRESSIVE;
				CLANG_CXX_LANGUAGE_STANDARD = "gnu++17";
				CLANG_CXX_LIBRARY = "libc++";
				CLANG_ENABLE_MODULES = YES;
				CLANG_ENABLE_OBJC_ARC = YES;
				CLANG_ENABLE_OBJC_WEAK = YES;
				CLANG_WARN_BLOCK_CAPTURE_AUTORELEASING = YES;
				CLANG_WARN_BOOL_CONVERSION = YES;
				CLANG_WARN_COMMA = YES;
				CLANG_WARN_CONSTANT_CONVERSION = YES;
				CLANG_WARN_DEPRECATED_OBJC_IMPLEMENTATIONS = YES;
				CLANG_WARN_DIRECT_OBJC_ISA_USAGE = YES_ERROR;
				CLANG_WARN_DOCUMENTATION_COMMENTS = YES;
				CLANG_WARN_EMPTY_BODY = YES;
				CLANG_WARN_ENUM_CONVERSION = YES;
				CLANG_WARN_INFINITE_RECURSION = YES;
				CLANG_WARN_INT_CONVERSION = YES;
				CLANG_WARN_NON_LITERAL_NULL_CONVERSION = YES;
				CLANG_WARN_OBJC_IMPLICIT_RETAIN_SELF = YES;
				CLANG_WARN_OBJC_LITERAL_CONVERSION = YES;
				CLANG_WARN_OBJC_ROOT_CLASS = YES_ERROR;
				CLANG_WARN_QUOTED_INCLUDE_IN_FRAMEWORK_HEADER = YES;
				CLANG_WARN_RANGE_LOOP_ANALYSIS = YES;
				CLANG_WARN_STRICT_PROTOTYPES = YES;
				CLANG_WARN_SUSPICIOUS_MOVE = YES;
				CLANG_WARN_UNGUARDED_AVAILABILITY = YES_AGGRESSIVE;
				CLANG_WARN_UNREACHABLE_CODE = YES;
				CLANG_WARN__DUPLICATE_METHOD_MATCH = YES;
				COPY_PHASE_STRIP = NO;
				DEBUG_INFORMATION_FORMAT = dwarf;
				ENABLE_STRICT_OBJC_MSGSEND = YES;
				ENABLE_TESTABILITY = YES;
				GCC_C_LANGUAGE_STANDARD = gnu11;
				GCC_DYNAMIC_NO_PIC = NO;
				GCC_NO_COMMON_BLOCKS = YES;
				GCC_OPTIMIZATION_LEVEL = 0;
				GCC_PREPROCESSOR_DEFINITIONS = (
					"DEBUG=1",
					"$(inherited)",
				);
				GCC_WARN_64_TO_32_BIT_CONVERSION = YES;
				GCC_WARN_ABOUT_RETURN_TYPE = YES_ERROR;
				GCC_WARN_UNDECLARED_SELECTOR = YES;
				GCC_WARN_UNINITIALIZED_AUTOS = YES_AGGRESSIVE;
				GCC_WARN_UNUSED_FUNCTION = YES;
				GCC_WARN_UNUSED_VARIABLE = YES;
				IPHONEOS_DEPLOYMENT_TARGET = 15.2;
				MTL_ENABLE_DEBUG_INFO = INCLUDE_SOURCE;
				MTL_FAST_MATH = YES;
				ONLY_ACTIVE_ARCH = YES;
				SDKROOT = iphoneos;
				SWIFT_ACTIVE_COMPILATION_CONDITIONS = DEBUG;
				SWIFT_OPTIMIZATION_LEVEL = "-Onone";
			};
			name = Debug;
		};
		5F5840B627A3104E004A2ED7 /* Release */ = {
			isa = XCBuildConfiguration;
			buildSettings = {
				ALWAYS_SEARCH_USER_PATHS = NO;
				CLANG_ANALYZER_NONNULL = YES;
				CLANG_ANALYZER_NUMBER_OBJECT_CONVERSION = YES_AGGRESSIVE;
				CLANG_CXX_LANGUAGE_STANDARD = "gnu++17";
				CLANG_CXX_LIBRARY = "libc++";
				CLANG_ENABLE_MODULES = YES;
				CLANG_ENABLE_OBJC_ARC = YES;
				CLANG_ENABLE_OBJC_WEAK = YES;
				CLANG_WARN_BLOCK_CAPTURE_AUTORELEASING = YES;
				CLANG_WARN_BOOL_CONVERSION = YES;
				CLANG_WARN_COMMA = YES;
				CLANG_WARN_CONSTANT_CONVERSION = YES;
				CLANG_WARN_DEPRECATED_OBJC_IMPLEMENTATIONS = YES;
				CLANG_WARN_DIRECT_OBJC_ISA_USAGE = YES_ERROR;
				CLANG_WARN_DOCUMENTATION_COMMENTS = YES;
				CLANG_WARN_EMPTY_BODY = YES;
				CLANG_WARN_ENUM_CONVERSION = YES;
				CLANG_WARN_INFINITE_RECURSION = YES;
				CLANG_WARN_INT_CONVERSION = YES;
				CLANG_WARN_NON_LITERAL_NULL_CONVERSION = YES;
				CLANG_WARN_OBJC_IMPLICIT_RETAIN_SELF = YES;
				CLANG_WARN_OBJC_LITERAL_CONVERSION = YES;
				CLANG_WARN_OBJC_ROOT_CLASS = YES_ERROR;
				CLANG_WARN_QUOTED_INCLUDE_IN_FRAMEWORK_HEADER = YES;
				CLANG_WARN_RANGE_LOOP_ANALYSIS = YES;
				CLANG_WARN_STRICT_PROTOTYPES = YES;
				CLANG_WARN_SUSPICIOUS_MOVE = YES;
				CLANG_WARN_UNGUARDED_AVAILABILITY = YES_AGGRESSIVE;
				CLANG_WARN_UNREACHABLE_CODE = YES;
				CLANG_WARN__DUPLICATE_METHOD_MATCH = YES;
				COPY_PHASE_STRIP = NO;
				DEBUG_INFORMATION_FORMAT = "dwarf-with-dsym";
				ENABLE_NS_ASSERTIONS = NO;
				ENABLE_STRICT_OBJC_MSGSEND = YES;
				GCC_C_LANGUAGE_STANDARD = gnu11;
				GCC_NO_COMMON_BLOCKS = YES;
				GCC_WARN_64_TO_32_BIT_CONVERSION = YES;
				GCC_WARN_ABOUT_RETURN_TYPE = YES_ERROR;
				GCC_WARN_UNDECLARED_SELECTOR = YES;
				GCC_WARN_UNINITIALIZED_AUTOS = YES_AGGRESSIVE;
				GCC_WARN_UNUSED_FUNCTION = YES;
				GCC_WARN_UNUSED_VARIABLE = YES;
				IPHONEOS_DEPLOYMENT_TARGET = 15.2;
				MTL_ENABLE_DEBUG_INFO = NO;
				MTL_FAST_MATH = YES;
				SDKROOT = iphoneos;
				SWIFT_COMPILATION_MODE = wholemodule;
				SWIFT_OPTIMIZATION_LEVEL = "-O";
				VALIDATE_PRODUCT = YES;
			};
			name = Release;
		};
		5F5840B827A3104E004A2ED7 /* Debug */ = {
			isa = XCBuildConfiguration;
			buildSettings = {
				ASSETCATALOG_COMPILER_APPICON_NAME = AppIcon;
				ASSETCATALOG_COMPILER_GLOBAL_ACCENT_COLOR_NAME = AccentColor;
				CODE_SIGN_STYLE = Automatic;
				CURRENT_PROJECT_VERSION = 1;
				GENERATE_INFOPLIST_FILE = YES;
				INFOPLIST_FILE = SimpleCalculator/Info.plist;
				INFOPLIST_KEY_CFBundleDisplayName = SimpleCalculator;
				INFOPLIST_KEY_UIApplicationSupportsIndirectInputEvents = YES;
				INFOPLIST_KEY_UILaunchStoryboardName = LaunchScreen;
				INFOPLIST_KEY_UIMainStoryboardFile = Main;
				INFOPLIST_KEY_UISupportedInterfaceOrientations_iPad = "UIInterfaceOrientationPortrait UIInterfaceOrientationPortraitUpsideDown UIInterfaceOrientationLandscapeLeft UIInterfaceOrientationLandscapeRight";
				INFOPLIST_KEY_UISupportedInterfaceOrientations_iPhone = "UIInterfaceOrientationPortrait UIInterfaceOrientationLandscapeLeft UIInterfaceOrientationLandscapeRight";
				LD_RUNPATH_SEARCH_PATHS = (
					"$(inherited)",
					"@executable_path/Frameworks",
				);
				MARKETING_VERSION = 1.0;
				PRODUCT_BUNDLE_IDENTIFIER = Nwmsu.SimpleCalculator;
				PRODUCT_NAME = "$(TARGET_NAME)";
				SWIFT_EMIT_LOC_STRINGS = YES;
				SWIFT_VERSION = 5.0;
				TARGETED_DEVICE_FAMILY = "1,2";
			};
			name = Debug;
		};
		5F5840B927A3104E004A2ED7 /* Release */ = {
			isa = XCBuildConfiguration;
			buildSettings = {
				ASSETCATALOG_COMPILER_APPICON_NAME = AppIcon;
				ASSETCATALOG_COMPILER_GLOBAL_ACCENT_COLOR_NAME = AccentColor;
				CODE_SIGN_STYLE = Automatic;
				CURRENT_PROJECT_VERSION = 1;
				GENERATE_INFOPLIST_FILE = YES;
				INFOPLIST_FILE = SimpleCalculator/Info.plist;
				INFOPLIST_KEY_CFBundleDisplayName = SimpleCalculator;
				INFOPLIST_KEY_UIApplicationSupportsIndirectInputEvents = YES;
				INFOPLIST_KEY_UILaunchStoryboardName = LaunchScreen;
				INFOPLIST_KEY_UIMainStoryboardFile = Main;
				INFOPLIST_KEY_UISupportedInterfaceOrientations_iPad = "UIInterfaceOrientationPortrait UIInterfaceOrientationPortraitUpsideDown UIInterfaceOrientationLandscapeLeft UIInterfaceOrientationLandscapeRight";
				INFOPLIST_KEY_UISupportedInterfaceOrientations_iPhone = "UIInterfaceOrientationPortrait UIInterfaceOrientationLandscapeLeft UIInterfaceOrientationLandscapeRight";
				LD_RUNPATH_SEARCH_PATHS = (
					"$(inherited)",
					"@executable_path/Frameworks",
				);
				MARKETING_VERSION = 1.0;
				PRODUCT_BUNDLE_IDENTIFIER = Nwmsu.SimpleCalculator;
				PRODUCT_NAME = "$(TARGET_NAME)";
				SWIFT_EMIT_LOC_STRINGS = YES;
				SWIFT_VERSION = 5.0;
				TARGETED_DEVICE_FAMILY = "1,2";
			};
			name = Release;
		};
		5F5840BB27A3104E004A2ED7 /* Debug */ = {
			isa = XCBuildConfiguration;
			buildSettings = {
				ALWAYS_EMBED_SWIFT_STANDARD_LIBRARIES = YES;
				BUNDLE_LOADER = "$(TEST_HOST)";
				CODE_SIGN_STYLE = Automatic;
				CURRENT_PROJECT_VERSION = 1;
				GENERATE_INFOPLIST_FILE = YES;
				IPHONEOS_DEPLOYMENT_TARGET = 15.2;
				MARKETING_VERSION = 1.0;
				PRODUCT_BUNDLE_IDENTIFIER = Nwmsu.SimpleCalculatorTests;
				PRODUCT_NAME = "$(TARGET_NAME)";
				SWIFT_EMIT_LOC_STRINGS = NO;
				SWIFT_VERSION = 5.0;
				TARGETED_DEVICE_FAMILY = "1,2";
				TEST_HOST = "$(BUILT_PRODUCTS_DIR)/SimpleCalculator.app/SimpleCalculator";
			};
			name = Debug;
		};
		5F5840BC27A3104E004A2ED7 /* Release */ = {
			isa = XCBuildConfiguration;
			buildSettings = {
				ALWAYS_EMBED_SWIFT_STANDARD_LIBRARIES = YES;
				BUNDLE_LOADER = "$(TEST_HOST)";
				CODE_SIGN_STYLE = Automatic;
				CURRENT_PROJECT_VERSION = 1;
				GENERATE_INFOPLIST_FILE = YES;
				IPHONEOS_DEPLOYMENT_TARGET = 15.2;
				MARKETING_VERSION = 1.0;
				PRODUCT_BUNDLE_IDENTIFIER = Nwmsu.SimpleCalculatorTests;
				PRODUCT_NAME = "$(TARGET_NAME)";
				SWIFT_EMIT_LOC_STRINGS = NO;
				SWIFT_VERSION = 5.0;
				TARGETED_DEVICE_FAMILY = "1,2";
				TEST_HOST = "$(BUILT_PRODUCTS_DIR)/SimpleCalculator.app/SimpleCalculator";
			};
			name = Release;
		};
		5F5840BE27A3104E004A2ED7 /* Debug */ = {
			isa = XCBuildConfiguration;
			buildSettings = {
				ALWAYS_EMBED_SWIFT_STANDARD_LIBRARIES = YES;
				CODE_SIGN_STYLE = Automatic;
				CURRENT_PROJECT_VERSION = 1;
				GENERATE_INFOPLIST_FILE = YES;
				MARKETING_VERSION = 1.0;
				PRODUCT_BUNDLE_IDENTIFIER = Nwmsu.SimpleCalculatorUITests;
				PRODUCT_NAME = "$(TARGET_NAME)";
				SWIFT_EMIT_LOC_STRINGS = NO;
				SWIFT_VERSION = 5.0;
				TARGETED_DEVICE_FAMILY = "1,2";
				TEST_TARGET_NAME = SimpleCalculator;
			};
			name = Debug;
		};
		5F5840BF27A3104E004A2ED7 /* Release */ = {
			isa = XCBuildConfiguration;
			buildSettings = {
				ALWAYS_EMBED_SWIFT_STANDARD_LIBRARIES = YES;
				CODE_SIGN_STYLE = Automatic;
				CURRENT_PROJECT_VERSION = 1;
				GENERATE_INFOPLIST_FILE = YES;
				MARKETING_VERSION = 1.0;
				PRODUCT_BUNDLE_IDENTIFIER = Nwmsu.SimpleCalculatorUITests;
				PRODUCT_NAME = "$(TARGET_NAME)";
				SWIFT_EMIT_LOC_STRINGS = NO;
				SWIFT_VERSION = 5.0;
				TARGETED_DEVICE_FAMILY = "1,2";
				TEST_TARGET_NAME = SimpleCalculator;
			};
			name = Release;
		};
/* End XCBuildConfiguration section */

/* Begin XCConfigurationList section */
		5F58408827A3104B004A2ED7 /* Build configuration list for PBXProject "SimpleCalculator" */ = {
			isa = XCConfigurationList;
			buildConfigurations = (
				5F5840B527A3104E004A2ED7 /* Debug */,
				5F5840B627A3104E004A2ED7 /* Release */,
			);
			defaultConfigurationIsVisible = 0;
			defaultConfigurationName = Release;
		};
		5F5840B727A3104E004A2ED7 /* Build configuration list for PBXNativeTarget "SimpleCalculator" */ = {
			isa = XCConfigurationList;
			buildConfigurations = (
				5F5840B827A3104E004A2ED7 /* Debug */,
				5F5840B927A3104E004A2ED7 /* Release */,
			);
			defaultConfigurationIsVisible = 0;
			defaultConfigurationName = Release;
		};
		5F5840BA27A3104E004A2ED7 /* Build configuration list for PBXNativeTarget "SimpleCalculatorTests" */ = {
			isa = XCConfigurationList;
			buildConfigurations = (
				5F5840BB27A3104E004A2ED7 /* Debug */,
				5F5840BC27A3104E004A2ED7 /* Release */,
			);
			defaultConfigurationIsVisible = 0;
			defaultConfigurationName = Release;
		};
		5F5840BD27A3104E004A2ED7 /* Build configuration list for PBXNativeTarget "SimpleCalculatorUITests" */ = {
			isa = XCConfigurationList;
			buildConfigurations = (
				5F5840BE27A3104E004A2ED7 /* Debug */,
				5F5840BF27A3104E004A2ED7 /* Release */,
			);
			defaultConfigurationIsVisible = 0;
			defaultConfigurationName = Release;
		};
/* End XCConfigurationList section */
	};
	rootObject = 5F58408527A3104B004A2ED7 /* Project object */;
}
